
Microsoft Visual Studio Solution File, Format Version 12.00
# Visual Studio 15
VisualStudioVersion = 15.0.26730.16
MinimumVisualStudioVersion = 10.0.40219.1
Project("{FAE04EC0-301F-11D3-BF4B-00C04F79EFBC}") = "test", "test\test.csproj", "{24CBF975-4886-437C-B919-9F8602BC557E}"
EndProject
Global
	GlobalSection(SolutionConfigurationPlatforms) = preSolution
		Debug|Any CPU = Debug|Any CPU
		Release|Any CPU = Release|Any CPU
	EndGlobalSection
	GlobalSection(ProjectConfigurationPlatforms) = postSolution
		{24CBF975-4886-437C-B919-9F8602BC557E}.Debug|Any CPU.ActiveCfg = Debug|Any CPU
		{24CBF975-4886-437C-B919-9F8602BC557E}.Debug|Any CPU.Build.0 = Debug|Any CPU
		{24CBF975-4886-437C-B919-9F8602BC557E}.Release|Any CPU.ActiveCfg = Release|Any CPU
		{24CBF975-4886-437C-B919-9F8602BC557E}.Release|Any CPU.Build.0 = Release|Any CPU
	EndGlobalSection
	GlobalSection(SolutionProperties) = preSolution
		HideSolutionNode = FALSE
	EndGlobalSection
	GlobalSection(ExtensibilityGlobals) = postSolution
		SolutionGuid = {EA5FEA30-C96B-478A-B7A3-DADA69FAA256}
	EndGlobalSection
EndGlobal
