
Microsoft Visual Studio Solution File, Format Version 12.00
# Visual Studio 15
VisualStudioVersion = 15.0.26730.16
MinimumVisualStudioVersion = 10.0.40219.1
Project("{FAE04EC0-301F-11D3-BF4B-00C04F79EFBC}") = "CodingDojo2_wi16b025", "CodingDojo2_wi16b025\CodingDojo2_wi16b025.csproj", "{7673F2C6-3AA1-4A5D-8059-E1AF3213C571}"
EndProject
Global
	GlobalSection(SolutionConfigurationPlatforms) = preSolution
		Debug|Any CPU = Debug|Any CPU
		Release|Any CPU = Release|Any CPU
	EndGlobalSection
	GlobalSection(ProjectConfigurationPlatforms) = postSolution
		{7673F2C6-3AA1-4A5D-8059-E1AF3213C571}.Debug|Any CPU.ActiveCfg = Debug|Any CPU
		{7673F2C6-3AA1-4A5D-8059-E1AF3213C571}.Debug|Any CPU.Build.0 = Debug|Any CPU
		{7673F2C6-3AA1-4A5D-8059-E1AF3213C571}.Release|Any CPU.ActiveCfg = Release|Any CPU
		{7673F2C6-3AA1-4A5D-8059-E1AF3213C571}.Release|Any CPU.Build.0 = Release|Any CPU
	EndGlobalSection
	GlobalSection(SolutionProperties) = preSolution
		HideSolutionNode = FALSE
	EndGlobalSection
	GlobalSection(ExtensibilityGlobals) = postSolution
		SolutionGuid = {99852576-E051-49C3-819C-E9B8F6211A33}
	EndGlobalSection
EndGlobal
